
Microsoft Visual Studio Solution File, Format Version 12.00
# Visual Studio Version 17
VisualStudioVersion = 17.10.34916.146
MinimumVisualStudioVersion = 10.0.40219.1
Project("{FAE04EC0-301F-11D3-BF4B-00C04F79EFBC}") = "ViT-Sebastian", "ViT-Sebastian\ViT-Sebastian.csproj", "{3E37ABE3-27E2-4750-97C2-44F16E73B336}"
EndProject
Global
	GlobalSection(SolutionConfigurationPlatforms) = preSolution
		Debug|Any CPU = Debug|Any CPU
		Release|Any CPU = Release|Any CPU
	EndGlobalSection
	GlobalSection(ProjectConfigurationPlatforms) = postSolution
		{3E37ABE3-27E2-4750-97C2-44F16E73B336}.Debug|Any CPU.ActiveCfg = Debug|Any CPU
		{3E37ABE3-27E2-4750-97C2-44F16E73B336}.Debug|Any CPU.Build.0 = Debug|Any CPU
		{3E37ABE3-27E2-4750-97C2-44F16E73B336}.Debug|Any CPU.Deploy.0 = Debug|Any CPU
		{3E37ABE3-27E2-4750-97C2-44F16E73B336}.Release|Any CPU.ActiveCfg = Release|Any CPU
		{3E37ABE3-27E2-4750-97C2-44F16E73B336}.Release|Any CPU.Build.0 = Release|Any CPU
		{3E37ABE3-27E2-4750-97C2-44F16E73B336}.Release|Any CPU.Deploy.0 = Release|Any CPU
	EndGlobalSection
	GlobalSection(SolutionProperties) = preSolution
		HideSolutionNode = FALSE
	EndGlobalSection
	GlobalSection(ExtensibilityGlobals) = postSolution
		SolutionGuid = {5BC20AF6-7A56-41CD-A837-0992AF4B213A}
	EndGlobalSection
EndGlobal
